
Microsoft Visual Studio Solution File, Format Version 12.00
# Visual Studio Version 17
VisualStudioVersion = 17.10.35013.160
MinimumVisualStudioVersion = 10.0.40219.1
Project("{FAE04EC0-301F-11D3-BF4B-00C04F79EFBC}") = "SongPlayer", "SongPlayer\SongPlayer.csproj", "{393430BE-DE5C-46E7-A1F9-CDA59715E3E5}"
EndProject
Global
	GlobalSection(SolutionConfigurationPlatforms) = preSolution
		Debug|Any CPU = Debug|Any CPU
		Release|Any CPU = Release|Any CPU
	EndGlobalSection
	GlobalSection(ProjectConfigurationPlatforms) = postSolution
		{393430BE-DE5C-46E7-A1F9-CDA59715E3E5}.Debug|Any CPU.ActiveCfg = Debug|Any CPU
		{393430BE-DE5C-46E7-A1F9-CDA59715E3E5}.Debug|Any CPU.Build.0 = Debug|Any CPU
		{393430BE-DE5C-46E7-A1F9-CDA59715E3E5}.Release|Any CPU.ActiveCfg = Release|Any CPU
		{393430BE-DE5C-46E7-A1F9-CDA59715E3E5}.Release|Any CPU.Build.0 = Release|Any CPU
	EndGlobalSection
	GlobalSection(SolutionProperties) = preSolution
		HideSolutionNode = FALSE
	EndGlobalSection
	GlobalSection(ExtensibilityGlobals) = postSolution
		SolutionGuid = {C68AFB73-38EB-49EE-8870-5F6E2C637C4B}
	EndGlobalSection
EndGlobal
